{
    "name": "project-com-xiaomi-mobxDemo",
    "version": "1.0.11",
    "lockfileVersion": 1,
    "requires": true,
    "dependencies": {
        "hoist-non-react-statics": {
            "version": "2.5.5",
            "resolved": "https://registry.npm.taobao.org/hoist-non-react-statics/download/hoist-non-react-statics-2.5.5.tgz",
            "integrity": "sha1-xZA89AnA39kI84jmGdhrnBF0y0c="
        },
        "mobx": {
            "version": "3.4.1",
            "resolved": "https://registry.npm.taobao.org/mobx/download/mobx-3.4.1.tgz?cache=0&other_urls=https%3A%2F%2Fregistry.npm.taobao.org%2Fmobx%2Fdownload%2Fmobx-3.4.1.tgz",
            "integrity": "sha1-N6vl7ogtQBgo2fJsbBovR2FLu+8="
        },
        "mobx-react": {
            "version": "4.3.5",
            "resolved": "https://registry.npm.taobao.org/mobx-react/download/mobx-react-4.3.5.tgz?cache=0&other_urls=https%3A%2F%2Fregistry.npm.taobao.org%2Fmobx-react%2Fdownload%2Fmobx-react-4.3.5.tgz",
            "integrity": "sha1-doU/Ly70pvlgw3S82fAeh1kpwEw=",
            "requires": {
                "hoist-non-react-statics": "^2.3.1"
            }
        }
    }
}
